
Microsoft Visual Studio Solution File, Format Version 12.00
# Visual Studio Version 17
VisualStudioVersion = 17.4.33122.133
MinimumVisualStudioVersion = 10.0.40219.1
Project("{8BC9CEB8-8B4A-11D0-8D11-00A0C91BC942}") = "nn", "nn\nn.vcxproj", "{A7D46225-564C-4B93-8CA5-B8C535E00ECF}"
EndProject
Global
	GlobalSection(SolutionConfigurationPlatforms) = preSolution
		Debug|x64 = Debug|x64
		Debug|x86 = Debug|x86
		Release|x64 = Release|x64
		Release|x86 = Release|x86
	EndGlobalSection
	GlobalSection(ProjectConfigurationPlatforms) = postSolution
		{A7D46225-564C-4B93-8CA5-B8C535E00ECF}.Debug|x64.ActiveCfg = Debug|x64
		{A7D46225-564C-4B93-8CA5-B8C535E00ECF}.Debug|x64.Build.0 = Debug|x64
		{A7D46225-564C-4B93-8CA5-B8C535E00ECF}.Debug|x86.ActiveCfg = Debug|Win32
		{A7D46225-564C-4B93-8CA5-B8C535E00ECF}.Debug|x86.Build.0 = Debug|Win32
		{A7D46225-564C-4B93-8CA5-B8C535E00ECF}.Release|x64.ActiveCfg = Release|x64
		{A7D46225-564C-4B93-8CA5-B8C535E00ECF}.Release|x64.Build.0 = Release|x64
		{A7D46225-564C-4B93-8CA5-B8C535E00ECF}.Release|x86.ActiveCfg = Release|Win32
		{A7D46225-564C-4B93-8CA5-B8C535E00ECF}.Release|x86.Build.0 = Release|Win32
	EndGlobalSection
	GlobalSection(SolutionProperties) = preSolution
		HideSolutionNode = FALSE
	EndGlobalSection
	GlobalSection(ExtensibilityGlobals) = postSolution
		SolutionGuid = {7FB31567-3396-46C8-8A29-F49AACC862DB}
	EndGlobalSection
EndGlobal
